
Microsoft Visual Studio Solution File, Format Version 12.00
# Visual Studio Version 16
VisualStudioVersion = 16.0.31424.327
MinimumVisualStudioVersion = 10.0.40219.1
Project("{2150E333-8FDC-42A3-9474-1A3956D46DE8}") = "WebJobs", "WebJobs", "{8371FF89-233A-4583-8EBF-05FB863B6F13}"
EndProject
Project("{FAE04EC0-301F-11D3-BF4B-00C04F79EFBC}") = "SiteFuel.Exchange.TJob.ExternalPricingData", "SiteFuel.Exchange.TJob.ExternalPricingData\SiteFuel.Exchange.TJob.ExternalPricingData.csproj", "{6F570868-3BAD-45E7-A840-C7B5128484CA}"
EndProject
Project("{FAE04EC0-301F-11D3-BF4B-00C04F79EFBC}") = "SiteFuel.Exchange.TJob.DeliveryAlerts", "SiteFuel.Exchange.TJob.DeliveryAlerts\SiteFuel.Exchange.TJob.DeliveryAlerts.csproj", "{A5AF5E7F-5EFB-4FC0-89C7-46295BDA5A46}"
EndProject
Project("{FAE04EC0-301F-11D3-BF4B-00C04F79EFBC}") = "SiteFuel.Exchange.CJobs", "SiteFuel.Exchange.CJob.DeliveryAlerts\SiteFuel.Exchange.CJobs.csproj", "{A41B1D4B-A6E0-4427-A9EA-AEF0ABC712B8}"
EndProject
Project("{FAE04EC0-301F-11D3-BF4B-00C04F79EFBC}") = "SiteFuel.Exchange.TJob.EntityStatusMonitor", "SiteFuel.Exchange.TJob.EntityStatusMonitor\SiteFuel.Exchange.TJob.EntityStatusMonitor.csproj", "{B257894D-7D58-4886-9489-D443FFFC1F30}"
EndProject
Project("{FAE04EC0-301F-11D3-BF4B-00C04F79EFBC}") = "SiteFuel.Exchange.CJob.Notifications", "SiteFuel.Exchange.CJob.Notifications\SiteFuel.Exchange.CJob.Notifications.csproj", "{BDB51B6F-082A-445C-B697-4FEA337C0878}"
EndProject
Project("{FAE04EC0-301F-11D3-BF4B-00C04F79EFBC}") = "SiteFuel.Exchange.TJob.DailyReports", "SiteFuel.Exchange.TJob.DailyReport\SiteFuel.Exchange.TJob.DailyReports.csproj", "{2E73F4DC-CCEE-4EFB-B837-4A583B4192E8}"
EndProject
Project("{2150E333-8FDC-42A3-9474-1A3956D46DE8}") = "Qb", "Qb", "{507B4BDA-EB10-49E3-9663-5B950F4224E2}"
EndProject
Project("{FAE04EC0-301F-11D3-BF4B-00C04F79EFBC}") = "SiteFuel.Exchange.Quickbooks.Models", "SiteFuel.Exchange.Quickbooks.Models\SiteFuel.Exchange.Quickbooks.Models.csproj", "{40EF54A6-04BB-4665-AE64-D10BA5476338}"
EndProject
Project("{FAE04EC0-301F-11D3-BF4B-00C04F79EFBC}") = "SiteFuel.Exchange.Quickbooks.Workflows", "SiteFuel.Exchange.Quickbooks.Workflows\SiteFuel.Exchange.Quickbooks.Workflows.csproj", "{D23FA455-4C8F-48AC-BE8C-6C65058FABBE}"
EndProject
Project("{FAE04EC0-301F-11D3-BF4B-00C04F79EFBC}") = "SiteFuel.Exchange.CJob.Workflows", "SiteFuel.Exchange.CJob.Workflows\SiteFuel.Exchange.CJob.Workflows.csproj", "{0DD26EF2-C113-426F-A271-C8B3FFDBC1F8}"
EndProject
Project("{FAE04EC0-301F-11D3-BF4B-00C04F79EFBC}") = "SiteFuel.Exchange.DataAccess", "SiteFuel.Exchange.DataAccess\SiteFuel.Exchange.DataAccess.csproj", "{35C70269-7EE0-41AE-B928-D733360D69AA}"
EndProject
Project("{FAE04EC0-301F-11D3-BF4B-00C04F79EFBC}") = "SiteFuel.Exchange.ViewModels", "SiteFuel.Exchange.ViewModels\SiteFuel.Exchange.ViewModels.csproj", "{A0D5CE6B-5A68-426D-A45E-062002CC30C0}"
EndProject
Project("{FAE04EC0-301F-11D3-BF4B-00C04F79EFBC}") = "SiteFuel.Exchange.Domain", "SiteFuel.Exchange.Domain\SiteFuel.Exchange.Domain.csproj", "{EB7F341F-E733-4AC7-ADBB-572006E76E71}"
EndProject
Project("{FAE04EC0-301F-11D3-BF4B-00C04F79EFBC}") = "SiteFuel.Exchange.Web", "SiteFuel.Exchange.Web\SiteFuel.Exchange.Web.csproj", "{10688104-10D9-4655-B46E-FA6780353714}"
EndProject
Project("{FAE04EC0-301F-11D3-BF4B-00C04F79EFBC}") = "SiteFuel.Exchange.WebApi", "SiteFuel.Exchange.Api.Mobile\SiteFuel.Exchange.WebApi.csproj", "{9A014035-56B0-481F-B580-2D515080BB7C}"
EndProject
Project("{FAE04EC0-301F-11D3-BF4B-00C04F79EFBC}") = "SiteFuel.Exchange.TJob.FtpReports", "SiteFuel.Exchange.TJob.FtpReports\SiteFuel.Exchange.TJob.FtpReports.csproj", "{5CB08A53-9EA7-48A2-9164-8C5DB3F62FF0}"
EndProject
Project("{FAE04EC0-301F-11D3-BF4B-00C04F79EFBC}") = "SiteFuel.Exchange.TJob.BillingStatements", "SiteFuel.Exchange.TJob.BillingStatements\SiteFuel.Exchange.TJob.BillingStatements.csproj", "{7485C2D0-66F5-426A-A2BB-0EC57ADC9B29}"
EndProject
Project("{FAE04EC0-301F-11D3-BF4B-00C04F79EFBC}") = "SiteFuel.Exchange.TJob.QbReports", "SiteFuel.Exchange.TJob.QbReports\SiteFuel.Exchange.TJob.QbReports.csproj", "{DC6B166F-DECD-42CC-97B0-D1BA36D7CF6D}"
EndProject
Project("{2150E333-8FDC-42A3-9474-1A3956D46DE8}") = "Utils", "Utils", "{9E648148-32D7-4B21-9C84-236B7BC5B0F4}"
EndProject
Project("{FAE04EC0-301F-11D3-BF4B-00C04F79EFBC}") = "SiteFuel.Exchange.FileGenerator", "SiteFuel.Exchange.FileGenerator\SiteFuel.Exchange.FileGenerator.csproj", "{AE0FE29E-23F3-4E40-9E23-CCC3A242CCF5}"
EndProject
Project("{FAE04EC0-301F-11D3-BF4B-00C04F79EFBC}") = "SiteFuel.Exchange.TJob.FuelSurchargePricing", "SiteFuel.Exchange.TJob.FuelSurchargePricing\SiteFuel.Exchange.TJob.FuelSurchargePricing.csproj", "{971F5381-900E-4FFB-BF17-EDC38C03AA6F}"
EndProject
Project("{FAE04EC0-301F-11D3-BF4B-00C04F79EFBC}") = "SiteFuel.Exchange.Core", "..\SiteFuel.Exchange.Common\SiteFuel.Exchange.Core\SiteFuel.Exchange.Core.csproj", "{2164757D-5B0B-4DE6-907E-8CDD1C8AE51F}"
EndProject
Project("{FAE04EC0-301F-11D3-BF4B-00C04F79EFBC}") = "TrueFill.Exchange.Tjob.ManualAlert", "TrueFill.Exchange.Tjob.ManualAlert\TrueFill.Exchange.Tjob.ManualAlert.csproj", "{1197F9ED-12F9-4BB8-BFAE-20C0EF2119DE}"
EndProject
Project("{FAE04EC0-301F-11D3-BF4B-00C04F79EFBC}") = "TrueFill.Exchange.Tjob.ThirdPartyDipTest", "TrueFill.Exchange.ThirdPartyDipTest\TrueFill.Exchange.Tjob.ThirdPartyDipTest.csproj", "{7D555ECC-F0EA-4B8A-B7A3-A8D26E5CBDB7}"
EndProject
Project("{FAE04EC0-301F-11D3-BF4B-00C04F79EFBC}") = "SiteFuel.Exchange.TJob.EBol", "SiteFuel.Exchange.TJob.EBol\SiteFuel.Exchange.TJob.EBol.csproj", "{255A9AD2-10AF-4D4E-AA20-CD51C6C89868}"
EndProject
Project("{FAE04EC0-301F-11D3-BF4B-00C04F79EFBC}") = "SiteFuel.Exchange.TJob.DsbLoadQueue", "SiteFuel.Exchange.TJob.DsbLoadQueue\SiteFuel.Exchange.TJob.DsbLoadQueue.csproj", "{6645E999-F101-4A2E-97EA-AE35F7CB02FA}"
EndProject
Project("{FAE04EC0-301F-11D3-BF4B-00C04F79EFBC}") = "Truefill.Exchange.Webjobs", "Truefill.Exchange.Webjobs\Truefill.Exchange.Webjobs.csproj", "{DDF2F582-69F5-435E-A91C-3A099170CAD1}"
EndProject
Project("{FAE04EC0-301F-11D3-BF4B-00C04F79EFBC}") = "TrueFill.Exchange.TJob.LFVServices", "TrueFill.Exchange.TJob.LFVServices\TrueFill.Exchange.TJob.LFVServices.csproj", "{B81466EB-1447-4BF8-8CC2-A201E4522D91}"
EndProject
Project("{FAE04EC0-301F-11D3-BF4B-00C04F79EFBC}") = "TrueFill.Exchange.TJob.DiptestServices", "TrueFill.Exchange.TJob.DiptestServices\TrueFill.Exchange.TJob.DiptestServices.csproj", "{CE115139-146A-4AA9-9CEC-3A73807653A2}"
EndProject
Project("{FAE04EC0-301F-11D3-BF4B-00C04F79EFBC}") = "TrueFill.InvoiceService", "TrueFill.InvoiceService\TrueFill.InvoiceService.csproj", "{066D1725-ECE8-4BF7-96A1-6913020F1077}"
EndProject
Project("{FAE04EC0-301F-11D3-BF4B-00C04F79EFBC}") = "TrueFill.SCIM2", "TrueFill.Idp\TrueFill.SCIM2\TrueFill.SCIM2.csproj", "{463DA912-207B-4F85-B9EF-9816D2AF1FF0}"
EndProject
Project("{FAE04EC0-301F-11D3-BF4B-00C04F79EFBC}") = "TrueFill.Scim2Service", "TrueFill.Idp\TrueFill.Scim2Connector\TrueFill.Scim2Service.csproj", "{81301950-E591-47A4-8F49-06C231112686}"
EndProject
Project("{9A19103F-16F7-4668-BE54-9A1E7A4F7556}") = "TrueFill.Scim2Service.Tests", "TrueFill.Scim2Service.Tests\TrueFill.Scim2Service.Tests.csproj", "{55928F31-52FF-40F1-909A-C5C61FA775DD}"
EndProject
Project("{9A19103F-16F7-4668-BE54-9A1E7A4F7556}") = "SiteFuel.Exchange.Web.Tests", "SiteFuel.Exchange.Web.Tests\SiteFuel.Exchange.Web.Tests.csproj", "{8D13BCCA-DD49-4BE4-B20B-DD59288C7D76}"
EndProject
Global
	GlobalSection(SolutionConfigurationPlatforms) = preSolution
		Debug|Any CPU = Debug|Any CPU
		Release|Any CPU = Release|Any CPU
	EndGlobalSection
	GlobalSection(ProjectConfigurationPlatforms) = postSolution
		{6F570868-3BAD-45E7-A840-C7B5128484CA}.Debug|Any CPU.ActiveCfg = Debug|Any CPU
		{6F570868-3BAD-45E7-A840-C7B5128484CA}.Debug|Any CPU.Build.0 = Debug|Any CPU
		{6F570868-3BAD-45E7-A840-C7B5128484CA}.Release|Any CPU.ActiveCfg = Release|Any CPU
		{6F570868-3BAD-45E7-A840-C7B5128484CA}.Release|Any CPU.Build.0 = Release|Any CPU
		{A5AF5E7F-5EFB-4FC0-89C7-46295BDA5A46}.Debug|Any CPU.ActiveCfg = Debug|Any CPU
		{A5AF5E7F-5EFB-4FC0-89C7-46295BDA5A46}.Debug|Any CPU.Build.0 = Debug|Any CPU
		{A5AF5E7F-5EFB-4FC0-89C7-46295BDA5A46}.Release|Any CPU.ActiveCfg = Release|Any CPU
		{A5AF5E7F-5EFB-4FC0-89C7-46295BDA5A46}.Release|Any CPU.Build.0 = Release|Any CPU
		{A41B1D4B-A6E0-4427-A9EA-AEF0ABC712B8}.Debug|Any CPU.ActiveCfg = Debug|Any CPU
		{A41B1D4B-A6E0-4427-A9EA-AEF0ABC712B8}.Debug|Any CPU.Build.0 = Debug|Any CPU
		{A41B1D4B-A6E0-4427-A9EA-AEF0ABC712B8}.Release|Any CPU.ActiveCfg = Release|Any CPU
		{A41B1D4B-A6E0-4427-A9EA-AEF0ABC712B8}.Release|Any CPU.Build.0 = Release|Any CPU
		{B257894D-7D58-4886-9489-D443FFFC1F30}.Debug|Any CPU.ActiveCfg = Debug|Any CPU
		{B257894D-7D58-4886-9489-D443FFFC1F30}.Debug|Any CPU.Build.0 = Debug|Any CPU
		{B257894D-7D58-4886-9489-D443FFFC1F30}.Release|Any CPU.ActiveCfg = Release|Any CPU
		{B257894D-7D58-4886-9489-D443FFFC1F30}.Release|Any CPU.Build.0 = Release|Any CPU
		{BDB51B6F-082A-445C-B697-4FEA337C0878}.Debug|Any CPU.ActiveCfg = Debug|Any CPU
		{BDB51B6F-082A-445C-B697-4FEA337C0878}.Debug|Any CPU.Build.0 = Debug|Any CPU
		{BDB51B6F-082A-445C-B697-4FEA337C0878}.Release|Any CPU.ActiveCfg = Release|Any CPU
		{BDB51B6F-082A-445C-B697-4FEA337C0878}.Release|Any CPU.Build.0 = Release|Any CPU
		{2E73F4DC-CCEE-4EFB-B837-4A583B4192E8}.Debug|Any CPU.ActiveCfg = Debug|Any CPU
		{2E73F4DC-CCEE-4EFB-B837-4A583B4192E8}.Debug|Any CPU.Build.0 = Debug|Any CPU
		{2E73F4DC-CCEE-4EFB-B837-4A583B4192E8}.Release|Any CPU.ActiveCfg = Release|Any CPU
		{2E73F4DC-CCEE-4EFB-B837-4A583B4192E8}.Release|Any CPU.Build.0 = Release|Any CPU
		{40EF54A6-04BB-4665-AE64-D10BA5476338}.Debug|Any CPU.ActiveCfg = Debug|Any CPU
		{40EF54A6-04BB-4665-AE64-D10BA5476338}.Debug|Any CPU.Build.0 = Debug|Any CPU
		{40EF54A6-04BB-4665-AE64-D10BA5476338}.Release|Any CPU.ActiveCfg = Release|Any CPU
		{40EF54A6-04BB-4665-AE64-D10BA5476338}.Release|Any CPU.Build.0 = Release|Any CPU
		{D23FA455-4C8F-48AC-BE8C-6C65058FABBE}.Debug|Any CPU.ActiveCfg = Debug|Any CPU
		{D23FA455-4C8F-48AC-BE8C-6C65058FABBE}.Debug|Any CPU.Build.0 = Debug|Any CPU
		{D23FA455-4C8F-48AC-BE8C-6C65058FABBE}.Release|Any CPU.ActiveCfg = Release|Any CPU
		{D23FA455-4C8F-48AC-BE8C-6C65058FABBE}.Release|Any CPU.Build.0 = Release|Any CPU
		{0DD26EF2-C113-426F-A271-C8B3FFDBC1F8}.Debug|Any CPU.ActiveCfg = Debug|Any CPU
		{0DD26EF2-C113-426F-A271-C8B3FFDBC1F8}.Debug|Any CPU.Build.0 = Debug|Any CPU
		{0DD26EF2-C113-426F-A271-C8B3FFDBC1F8}.Release|Any CPU.ActiveCfg = Release|Any CPU
		{0DD26EF2-C113-426F-A271-C8B3FFDBC1F8}.Release|Any CPU.Build.0 = Release|Any CPU
		{35C70269-7EE0-41AE-B928-D733360D69AA}.Debug|Any CPU.ActiveCfg = Debug|Any CPU
		{35C70269-7EE0-41AE-B928-D733360D69AA}.Debug|Any CPU.Build.0 = Debug|Any CPU
		{35C70269-7EE0-41AE-B928-D733360D69AA}.Release|Any CPU.ActiveCfg = Release|Any CPU
		{35C70269-7EE0-41AE-B928-D733360D69AA}.Release|Any CPU.Build.0 = Release|Any CPU
		{A0D5CE6B-5A68-426D-A45E-062002CC30C0}.Debug|Any CPU.ActiveCfg = Debug|Any CPU
		{A0D5CE6B-5A68-426D-A45E-062002CC30C0}.Debug|Any CPU.Build.0 = Debug|Any CPU
		{A0D5CE6B-5A68-426D-A45E-062002CC30C0}.Release|Any CPU.ActiveCfg = Release|Any CPU
		{A0D5CE6B-5A68-426D-A45E-062002CC30C0}.Release|Any CPU.Build.0 = Release|Any CPU
		{EB7F341F-E733-4AC7-ADBB-572006E76E71}.Debug|Any CPU.ActiveCfg = Debug|Any CPU
		{EB7F341F-E733-4AC7-ADBB-572006E76E71}.Debug|Any CPU.Build.0 = Debug|Any CPU
		{EB7F341F-E733-4AC7-ADBB-572006E76E71}.Release|Any CPU.ActiveCfg = Release|Any CPU
		{EB7F341F-E733-4AC7-ADBB-572006E76E71}.Release|Any CPU.Build.0 = Release|Any CPU
		{10688104-10D9-4655-B46E-FA6780353714}.Debug|Any CPU.ActiveCfg = Debug|Any CPU
		{10688104-10D9-4655-B46E-FA6780353714}.Debug|Any CPU.Build.0 = Debug|Any CPU
		{10688104-10D9-4655-B46E-FA6780353714}.Release|Any CPU.ActiveCfg = Release|Any CPU
		{10688104-10D9-4655-B46E-FA6780353714}.Release|Any CPU.Build.0 = Release|Any CPU
		{9A014035-56B0-481F-B580-2D515080BB7C}.Debug|Any CPU.ActiveCfg = Debug|Any CPU
		{9A014035-56B0-481F-B580-2D515080BB7C}.Debug|Any CPU.Build.0 = Debug|Any CPU
		{9A014035-56B0-481F-B580-2D515080BB7C}.Release|Any CPU.ActiveCfg = Release|Any CPU
		{9A014035-56B0-481F-B580-2D515080BB7C}.Release|Any CPU.Build.0 = Release|Any CPU
		{5CB08A53-9EA7-48A2-9164-8C5DB3F62FF0}.Debug|Any CPU.ActiveCfg = Debug|Any CPU
		{5CB08A53-9EA7-48A2-9164-8C5DB3F62FF0}.Debug|Any CPU.Build.0 = Debug|Any CPU
		{5CB08A53-9EA7-48A2-9164-8C5DB3F62FF0}.Release|Any CPU.ActiveCfg = Release|Any CPU
		{5CB08A53-9EA7-48A2-9164-8C5DB3F62FF0}.Release|Any CPU.Build.0 = Release|Any CPU
		{7485C2D0-66F5-426A-A2BB-0EC57ADC9B29}.Debug|Any CPU.ActiveCfg = Debug|Any CPU
		{7485C2D0-66F5-426A-A2BB-0EC57ADC9B29}.Debug|Any CPU.Build.0 = Debug|Any CPU
		{7485C2D0-66F5-426A-A2BB-0EC57ADC9B29}.Release|Any CPU.ActiveCfg = Release|Any CPU
		{7485C2D0-66F5-426A-A2BB-0EC57ADC9B29}.Release|Any CPU.Build.0 = Release|Any CPU
		{DC6B166F-DECD-42CC-97B0-D1BA36D7CF6D}.Debug|Any CPU.ActiveCfg = Debug|Any CPU
		{DC6B166F-DECD-42CC-97B0-D1BA36D7CF6D}.Debug|Any CPU.Build.0 = Debug|Any CPU
		{DC6B166F-DECD-42CC-97B0-D1BA36D7CF6D}.Release|Any CPU.ActiveCfg = Release|Any CPU
		{DC6B166F-DECD-42CC-97B0-D1BA36D7CF6D}.Release|Any CPU.Build.0 = Release|Any CPU
		{AE0FE29E-23F3-4E40-9E23-CCC3A242CCF5}.Debug|Any CPU.ActiveCfg = Debug|Any CPU
		{AE0FE29E-23F3-4E40-9E23-CCC3A242CCF5}.Debug|Any CPU.Build.0 = Debug|Any CPU
		{AE0FE29E-23F3-4E40-9E23-CCC3A242CCF5}.Release|Any CPU.ActiveCfg = Release|Any CPU
		{AE0FE29E-23F3-4E40-9E23-CCC3A242CCF5}.Release|Any CPU.Build.0 = Release|Any CPU
		{971F5381-900E-4FFB-BF17-EDC38C03AA6F}.Debug|Any CPU.ActiveCfg = Debug|Any CPU
		{971F5381-900E-4FFB-BF17-EDC38C03AA6F}.Debug|Any CPU.Build.0 = Debug|Any CPU
		{971F5381-900E-4FFB-BF17-EDC38C03AA6F}.Release|Any CPU.ActiveCfg = Release|Any CPU
		{971F5381-900E-4FFB-BF17-EDC38C03AA6F}.Release|Any CPU.Build.0 = Release|Any CPU
		{2164757D-5B0B-4DE6-907E-8CDD1C8AE51F}.Debug|Any CPU.ActiveCfg = Debug|Any CPU
		{2164757D-5B0B-4DE6-907E-8CDD1C8AE51F}.Debug|Any CPU.Build.0 = Debug|Any CPU
		{2164757D-5B0B-4DE6-907E-8CDD1C8AE51F}.Release|Any CPU.ActiveCfg = Release|Any CPU
		{2164757D-5B0B-4DE6-907E-8CDD1C8AE51F}.Release|Any CPU.Build.0 = Release|Any CPU
		{1197F9ED-12F9-4BB8-BFAE-20C0EF2119DE}.Debug|Any CPU.ActiveCfg = Debug|Any CPU
		{1197F9ED-12F9-4BB8-BFAE-20C0EF2119DE}.Debug|Any CPU.Build.0 = Debug|Any CPU
		{1197F9ED-12F9-4BB8-BFAE-20C0EF2119DE}.Release|Any CPU.ActiveCfg = Release|Any CPU
		{1197F9ED-12F9-4BB8-BFAE-20C0EF2119DE}.Release|Any CPU.Build.0 = Release|Any CPU
		{7D555ECC-F0EA-4B8A-B7A3-A8D26E5CBDB7}.Debug|Any CPU.ActiveCfg = Debug|Any CPU
		{7D555ECC-F0EA-4B8A-B7A3-A8D26E5CBDB7}.Debug|Any CPU.Build.0 = Debug|Any CPU
		{7D555ECC-F0EA-4B8A-B7A3-A8D26E5CBDB7}.Release|Any CPU.ActiveCfg = Release|Any CPU
		{7D555ECC-F0EA-4B8A-B7A3-A8D26E5CBDB7}.Release|Any CPU.Build.0 = Release|Any CPU
		{255A9AD2-10AF-4D4E-AA20-CD51C6C89868}.Debug|Any CPU.ActiveCfg = Debug|Any CPU
		{255A9AD2-10AF-4D4E-AA20-CD51C6C89868}.Debug|Any CPU.Build.0 = Debug|Any CPU
		{255A9AD2-10AF-4D4E-AA20-CD51C6C89868}.Release|Any CPU.ActiveCfg = Release|Any CPU
		{255A9AD2-10AF-4D4E-AA20-CD51C6C89868}.Release|Any CPU.Build.0 = Release|Any CPU
		{6645E999-F101-4A2E-97EA-AE35F7CB02FA}.Debug|Any CPU.ActiveCfg = Debug|Any CPU
		{6645E999-F101-4A2E-97EA-AE35F7CB02FA}.Debug|Any CPU.Build.0 = Debug|Any CPU
		{6645E999-F101-4A2E-97EA-AE35F7CB02FA}.Release|Any CPU.ActiveCfg = Release|Any CPU
		{6645E999-F101-4A2E-97EA-AE35F7CB02FA}.Release|Any CPU.Build.0 = Release|Any CPU
		{DDF2F582-69F5-435E-A91C-3A099170CAD1}.Debug|Any CPU.ActiveCfg = Debug|Any CPU
		{DDF2F582-69F5-435E-A91C-3A099170CAD1}.Debug|Any CPU.Build.0 = Debug|Any CPU
		{DDF2F582-69F5-435E-A91C-3A099170CAD1}.Release|Any CPU.ActiveCfg = Release|Any CPU
		{DDF2F582-69F5-435E-A91C-3A099170CAD1}.Release|Any CPU.Build.0 = Release|Any CPU
		{B81466EB-1447-4BF8-8CC2-A201E4522D91}.Debug|Any CPU.ActiveCfg = Debug|Any CPU
		{B81466EB-1447-4BF8-8CC2-A201E4522D91}.Debug|Any CPU.Build.0 = Debug|Any CPU
		{B81466EB-1447-4BF8-8CC2-A201E4522D91}.Release|Any CPU.ActiveCfg = Release|Any CPU
		{B81466EB-1447-4BF8-8CC2-A201E4522D91}.Release|Any CPU.Build.0 = Release|Any CPU
		{CE115139-146A-4AA9-9CEC-3A73807653A2}.Debug|Any CPU.ActiveCfg = Debug|Any CPU
		{CE115139-146A-4AA9-9CEC-3A73807653A2}.Debug|Any CPU.Build.0 = Debug|Any CPU
		{CE115139-146A-4AA9-9CEC-3A73807653A2}.Release|Any CPU.ActiveCfg = Release|Any CPU
		{CE115139-146A-4AA9-9CEC-3A73807653A2}.Release|Any CPU.Build.0 = Release|Any CPU
		{066D1725-ECE8-4BF7-96A1-6913020F1077}.Debug|Any CPU.ActiveCfg = Debug|Any CPU
		{066D1725-ECE8-4BF7-96A1-6913020F1077}.Debug|Any CPU.Build.0 = Debug|Any CPU
		{066D1725-ECE8-4BF7-96A1-6913020F1077}.Release|Any CPU.ActiveCfg = Release|Any CPU
		{066D1725-ECE8-4BF7-96A1-6913020F1077}.Release|Any CPU.Build.0 = Release|Any CPU
		{463DA912-207B-4F85-B9EF-9816D2AF1FF0}.Debug|Any CPU.ActiveCfg = Debug|Any CPU
		{463DA912-207B-4F85-B9EF-9816D2AF1FF0}.Debug|Any CPU.Build.0 = Debug|Any CPU
		{463DA912-207B-4F85-B9EF-9816D2AF1FF0}.Release|Any CPU.ActiveCfg = Release|Any CPU
		{463DA912-207B-4F85-B9EF-9816D2AF1FF0}.Release|Any CPU.Build.0 = Release|Any CPU
		{81301950-E591-47A4-8F49-06C231112686}.Debug|Any CPU.ActiveCfg = Debug|Any CPU
		{81301950-E591-47A4-8F49-06C231112686}.Debug|Any CPU.Build.0 = Debug|Any CPU
		{81301950-E591-47A4-8F49-06C231112686}.Release|Any CPU.ActiveCfg = Release|Any CPU
		{81301950-E591-47A4-8F49-06C231112686}.Release|Any CPU.Build.0 = Release|Any CPU
		{55928F31-52FF-40F1-909A-C5C61FA775DD}.Debug|Any CPU.ActiveCfg = Debug|Any CPU
		{55928F31-52FF-40F1-909A-C5C61FA775DD}.Debug|Any CPU.Build.0 = Debug|Any CPU
		{55928F31-52FF-40F1-909A-C5C61FA775DD}.Release|Any CPU.ActiveCfg = Release|Any CPU
		{55928F31-52FF-40F1-909A-C5C61FA775DD}.Release|Any CPU.Build.0 = Release|Any CPU
		{8D13BCCA-DD49-4BE4-B20B-DD59288C7D76}.Debug|Any CPU.ActiveCfg = Debug|Any CPU
		{8D13BCCA-DD49-4BE4-B20B-DD59288C7D76}.Debug|Any CPU.Build.0 = Debug|Any CPU
		{8D13BCCA-DD49-4BE4-B20B-DD59288C7D76}.Release|Any CPU.ActiveCfg = Release|Any CPU
		{8D13BCCA-DD49-4BE4-B20B-DD59288C7D76}.Release|Any CPU.Build.0 = Release|Any CPU
	EndGlobalSection
	GlobalSection(SolutionProperties) = preSolution
		HideSolutionNode = FALSE
	EndGlobalSection
	GlobalSection(NestedProjects) = preSolution
		{6F570868-3BAD-45E7-A840-C7B5128484CA} = {8371FF89-233A-4583-8EBF-05FB863B6F13}
		{A5AF5E7F-5EFB-4FC0-89C7-46295BDA5A46} = {8371FF89-233A-4583-8EBF-05FB863B6F13}
		{A41B1D4B-A6E0-4427-A9EA-AEF0ABC712B8} = {8371FF89-233A-4583-8EBF-05FB863B6F13}
		{B257894D-7D58-4886-9489-D443FFFC1F30} = {8371FF89-233A-4583-8EBF-05FB863B6F13}
		{BDB51B6F-082A-445C-B697-4FEA337C0878} = {8371FF89-233A-4583-8EBF-05FB863B6F13}
		{2E73F4DC-CCEE-4EFB-B837-4A583B4192E8} = {8371FF89-233A-4583-8EBF-05FB863B6F13}
		{40EF54A6-04BB-4665-AE64-D10BA5476338} = {507B4BDA-EB10-49E3-9663-5B950F4224E2}
		{D23FA455-4C8F-48AC-BE8C-6C65058FABBE} = {507B4BDA-EB10-49E3-9663-5B950F4224E2}
		{0DD26EF2-C113-426F-A271-C8B3FFDBC1F8} = {8371FF89-233A-4583-8EBF-05FB863B6F13}
		{5CB08A53-9EA7-48A2-9164-8C5DB3F62FF0} = {8371FF89-233A-4583-8EBF-05FB863B6F13}
		{7485C2D0-66F5-426A-A2BB-0EC57ADC9B29} = {8371FF89-233A-4583-8EBF-05FB863B6F13}
		{DC6B166F-DECD-42CC-97B0-D1BA36D7CF6D} = {8371FF89-233A-4583-8EBF-05FB863B6F13}
		{AE0FE29E-23F3-4E40-9E23-CCC3A242CCF5} = {9E648148-32D7-4B21-9C84-236B7BC5B0F4}
		{971F5381-900E-4FFB-BF17-EDC38C03AA6F} = {8371FF89-233A-4583-8EBF-05FB863B6F13}
		{1197F9ED-12F9-4BB8-BFAE-20C0EF2119DE} = {8371FF89-233A-4583-8EBF-05FB863B6F13}
		{7D555ECC-F0EA-4B8A-B7A3-A8D26E5CBDB7} = {8371FF89-233A-4583-8EBF-05FB863B6F13}
		{255A9AD2-10AF-4D4E-AA20-CD51C6C89868} = {8371FF89-233A-4583-8EBF-05FB863B6F13}
		{6645E999-F101-4A2E-97EA-AE35F7CB02FA} = {8371FF89-233A-4583-8EBF-05FB863B6F13}
		{B81466EB-1447-4BF8-8CC2-A201E4522D91} = {8371FF89-233A-4583-8EBF-05FB863B6F13}
		{CE115139-146A-4AA9-9CEC-3A73807653A2} = {8371FF89-233A-4583-8EBF-05FB863B6F13}
		{463DA912-207B-4F85-B9EF-9816D2AF1FF0} = {9E648148-32D7-4B21-9C84-236B7BC5B0F4}
	EndGlobalSection
	GlobalSection(ExtensibilityGlobals) = postSolution
		SolutionGuid = {C7904E49-31A3-487B-B251-9306BF53446D}
	EndGlobalSection
	GlobalSection(TeamFoundationVersionControl) = preSolution
		SccNumberOfProjects = 32
		SccEnterpriseProvider = {4CA58AB2-18FA-4F8D-95D4-32DDF27D184C}
		SccTeamFoundationServer = https://sitefuel.visualstudio.com/
		SccLocalPath0 = .
		SccProjectUniqueName1 = SiteFuel.Exchange.TJob.ExternalPricingData\\SiteFuel.Exchange.TJob.ExternalPricingData.csproj
		SccProjectTopLevelParentUniqueName1 = SiteFuel.Exchange.sln
		SccProjectName1 = SiteFuel.Exchange.TJob.ExternalPricingData
		SccLocalPath1 = SiteFuel.Exchange.TJob.ExternalPricingData
		SccProjectUniqueName2 = SiteFuel.Exchange.TJob.DeliveryAlerts\\SiteFuel.Exchange.TJob.DeliveryAlerts.csproj
		SccProjectTopLevelParentUniqueName2 = SiteFuel.Exchange.sln
		SccProjectName2 = SiteFuel.Exchange.TJob.DeliveryAlerts
		SccLocalPath2 = SiteFuel.Exchange.TJob.DeliveryAlerts
		SccProjectUniqueName3 = SiteFuel.Exchange.TJob.EntityStatusMonitor\\SiteFuel.Exchange.TJob.EntityStatusMonitor.csproj
		SccProjectTopLevelParentUniqueName3 = SiteFuel.Exchange.sln
		SccProjectName3 = SiteFuel.Exchange.TJob.EntityStatusMonitor
		SccLocalPath3 = SiteFuel.Exchange.TJob.EntityStatusMonitor
		SccProjectUniqueName4 = SiteFuel.Exchange.CJob.Notifications\\SiteFuel.Exchange.CJob.Notifications.csproj
		SccProjectTopLevelParentUniqueName4 = SiteFuel.Exchange.sln
		SccProjectName4 = SiteFuel.Exchange.CJob.Notifications
		SccLocalPath4 = SiteFuel.Exchange.CJob.Notifications
		SccProjectUniqueName5 = SiteFuel.Exchange.TJob.DailyReport\\SiteFuel.Exchange.TJob.DailyReports.csproj
		SccProjectTopLevelParentUniqueName5 = SiteFuel.Exchange.sln
		SccProjectName5 = SiteFuel.Exchange.TJob.DailyReport
		SccLocalPath5 = SiteFuel.Exchange.TJob.DailyReport
		SccProjectUniqueName6 = SiteFuel.Exchange.Quickbooks.Models\\SiteFuel.Exchange.Quickbooks.Models.csproj
		SccProjectTopLevelParentUniqueName6 = SiteFuel.Exchange.sln
		SccProjectName6 = SiteFuel.Exchange.Quickbooks.Models
		SccLocalPath6 = SiteFuel.Exchange.Quickbooks.Models
		SccProjectUniqueName7 = SiteFuel.Exchange.Quickbooks.Workflows\\SiteFuel.Exchange.Quickbooks.Workflows.csproj
		SccProjectTopLevelParentUniqueName7 = SiteFuel.Exchange.sln
		SccProjectName7 = SiteFuel.Exchange.Quickbooks.Workflows
		SccLocalPath7 = SiteFuel.Exchange.Quickbooks.Workflows
		SccProjectUniqueName8 = SiteFuel.Exchange.CJob.Workflows\\SiteFuel.Exchange.CJob.Workflows.csproj
		SccProjectTopLevelParentUniqueName8 = SiteFuel.Exchange.sln
		SccProjectName8 = SiteFuel.Exchange.CJob.Workflows
		SccLocalPath8 = SiteFuel.Exchange.CJob.Workflows
		SccProjectUniqueName9 = SiteFuel.Exchange.DataAccess\\SiteFuel.Exchange.DataAccess.csproj
		SccProjectName9 = SiteFuel.Exchange.DataAccess
		SccLocalPath9 = SiteFuel.Exchange.DataAccess
		SccProjectUniqueName10 = SiteFuel.Exchange.ViewModels\\SiteFuel.Exchange.ViewModels.csproj
		SccProjectName10 = SiteFuel.Exchange.ViewModels
		SccLocalPath10 = SiteFuel.Exchange.ViewModels
		SccProjectUniqueName11 = SiteFuel.Exchange.Domain\\SiteFuel.Exchange.Domain.csproj
		SccProjectName11 = SiteFuel.Exchange.Domain
		SccLocalPath11 = SiteFuel.Exchange.Domain
		SccProjectUniqueName12 = SiteFuel.Exchange.Web\\SiteFuel.Exchange.Web.csproj
		SccProjectName12 = SiteFuel.Exchange.Web
		SccLocalPath12 = SiteFuel.Exchange.Web
		SccProjectUniqueName13 = SiteFuel.Exchange.Api.Mobile\\SiteFuel.Exchange.WebApi.csproj
		SccProjectName13 = SiteFuel.Exchange.Api.Mobile
		SccLocalPath13 = SiteFuel.Exchange.Api.Mobile
		SccProjectUniqueName14 = SiteFuel.Exchange.TJob.FtpReports\\SiteFuel.Exchange.TJob.FtpReports.csproj
		SccProjectTopLevelParentUniqueName14 = SiteFuel.Exchange.sln
		SccProjectName14 = SiteFuel.Exchange.TJob.FtpReports
		SccLocalPath14 = SiteFuel.Exchange.TJob.FtpReports
		SccProjectUniqueName15 = SiteFuel.Exchange.CJob.DeliveryAlerts\\SiteFuel.Exchange.CJobs.csproj
		SccProjectTopLevelParentUniqueName15 = SiteFuel.Exchange.sln
		SccProjectName15 = SiteFuel.Exchange.CJob.DeliveryAlerts
		SccLocalPath15 = SiteFuel.Exchange.CJob.DeliveryAlerts
		SccProjectUniqueName16 = SiteFuel.Exchange.TJob.BillingStatements\\SiteFuel.Exchange.TJob.BillingStatements.csproj
		SccProjectTopLevelParentUniqueName16 = SiteFuel.Exchange.sln
		SccProjectName16 = SiteFuel.Exchange.TJob.BillingStatements
		SccLocalPath16 = SiteFuel.Exchange.TJob.BillingStatements
		SccProjectUniqueName17 = SiteFuel.Exchange.TJob.QbReports\\SiteFuel.Exchange.TJob.QbReports.csproj
		SccProjectTopLevelParentUniqueName17 = SiteFuel.Exchange.sln
		SccProjectName17 = SiteFuel.Exchange.TJob.QbReports
		SccLocalPath17 = SiteFuel.Exchange.TJob.QbReports
		SccProjectUniqueName18 = SiteFuel.Exchange.FileGenerator\\SiteFuel.Exchange.FileGenerator.csproj
		SccProjectTopLevelParentUniqueName18 = SiteFuel.Exchange.sln
		SccProjectName18 = SiteFuel.Exchange.FileGenerator
		SccLocalPath18 = SiteFuel.Exchange.FileGenerator
		SccProjectUniqueName19 = SiteFuel.Exchange.TJob.FuelSurchargePricing\\SiteFuel.Exchange.TJob.FuelSurchargePricing.csproj
		SccProjectTopLevelParentUniqueName19 = SiteFuel.Exchange.sln
		SccProjectName19 = SiteFuel.Exchange.TJob.FuelSurchargePricing
		SccLocalPath19 = SiteFuel.Exchange.TJob.FuelSurchargePricing
		SccProjectUniqueName20 = ..\\SiteFuel.Exchange.Common\\SiteFuel.Exchange.Core\\SiteFuel.Exchange.Core.csproj
		SccProjectName20 = ../SiteFuel.Exchange.Common/SiteFuel.Exchange.Core
		SccLocalPath20 = ..\\SiteFuel.Exchange.Common\\SiteFuel.Exchange.Core
		SccProjectUniqueName21 = TrueFill.Exchange.Tjob.ManualAlert\\TrueFill.Exchange.Tjob.ManualAlert.csproj
		SccProjectTopLevelParentUniqueName21 = SiteFuel.Exchange.sln
		SccProjectName21 = TrueFill.Exchange.Tjob.ManualAlert
		SccLocalPath21 = TrueFill.Exchange.Tjob.ManualAlert
		SccProjectUniqueName22 = TrueFill.Exchange.ThirdPartyDipTest\\TrueFill.Exchange.Tjob.ThirdPartyDipTest.csproj
		SccProjectTopLevelParentUniqueName22 = SiteFuel.Exchange.sln
		SccProjectName22 = TrueFill.Exchange.ThirdPartyDipTest
		SccLocalPath22 = TrueFill.Exchange.ThirdPartyDipTest
		SccProjectUniqueName23 = SiteFuel.Exchange.TJob.EBol\\SiteFuel.Exchange.TJob.EBol.csproj
		SccProjectTopLevelParentUniqueName23 = SiteFuel.Exchange.sln
		SccProjectName23 = SiteFuel.Exchange.TJob.EBol
		SccLocalPath23 = SiteFuel.Exchange.TJob.EBol
		SccProjectUniqueName24 = SiteFuel.Exchange.TJob.DsbLoadQueue\\SiteFuel.Exchange.TJob.DsbLoadQueue.csproj
		SccProjectTopLevelParentUniqueName24 = SiteFuel.Exchange.sln
		SccProjectName24 = SiteFuel.Exchange.TJob.DsbLoadQueue
		SccLocalPath24 = SiteFuel.Exchange.TJob.DsbLoadQueue
		SccProjectUniqueName25 = Truefill.Exchange.Webjobs\\Truefill.Exchange.Webjobs.csproj
		SccProjectName25 = Truefill.Exchange.Webjobs
		SccLocalPath25 = Truefill.Exchange.Webjobs
		SccProjectUniqueName26 = TrueFill.Exchange.TJob.LFVServices\\TrueFill.Exchange.TJob.LFVServices.csproj
		SccProjectTopLevelParentUniqueName26 = SiteFuel.Exchange.sln
		SccProjectName26 = TrueFill.Exchange.TJob.LFVServices
		SccLocalPath26 = TrueFill.Exchange.TJob.LFVServices
		SccProjectUniqueName27 = TrueFill.Exchange.TJob.DiptestServices\\TrueFill.Exchange.TJob.DiptestServices.csproj
		SccProjectTopLevelParentUniqueName27 = SiteFuel.Exchange.sln
		SccProjectName27 = TrueFill.Exchange.TJob.DiptestServices
		SccLocalPath27 = TrueFill.Exchange.TJob.DiptestServices
		SccProjectUniqueName28 = TrueFill.InvoiceService\\TrueFill.InvoiceService.csproj
		SccProjectName28 = TrueFill.InvoiceService
		SccLocalPath28 = TrueFill.InvoiceService
		SccProjectUniqueName29 = TrueFill.Idp\\TrueFill.SCIM2\\TrueFill.SCIM2.csproj
		SccProjectTopLevelParentUniqueName29 = SiteFuel.Exchange.sln
		SccProjectName29 = TrueFill.Idp/TrueFill.SCIM2
		SccLocalPath29 = TrueFill.Idp\\TrueFill.SCIM2
		SccProjectUniqueName30 = TrueFill.Idp\\TrueFill.Scim2Connector\\TrueFill.Scim2Service.csproj
		SccProjectName30 = TrueFill.Idp/TrueFill.Scim2Connector
		SccLocalPath30 = TrueFill.Idp\\TrueFill.Scim2Connector
		SccProjectUniqueName31 = TrueFill.Scim2Service.Tests\\TrueFill.Scim2Service.Tests.csproj
		SccProjectName31 = TrueFill.Scim2Service.Tests
		SccLocalPath31 = TrueFill.Scim2Service.Tests
	EndGlobalSection
EndGlobal
