
Microsoft Visual Studio Solution File, Format Version 12.00
# Visual Studio Version 16
VisualStudioVersion = 16.0.31005.135
MinimumVisualStudioVersion = 10.0.40219.1
Project("{FAE04EC0-301F-11D3-BF4B-00C04F79EFBC}") = "SiteFuel.PricingService", "SiteFuel.PricingService\SiteFuel.PricingService.csproj", "{C6D6BA44-9AD0-485B-A261-9C1C527269AF}"
	ProjectSection(ProjectDependencies) = postProject
		{F2AEDEA6-5FCC-4D06-A1DD-91F4D714DE28} = {F2AEDEA6-5FCC-4D06-A1DD-91F4D714DE28}
		{D330B2E6-E738-4A80-B9EB-43FE93D3B235} = {D330B2E6-E738-4A80-B9EB-43FE93D3B235}
	EndProjectSection
EndProject
Project("{FAE04EC0-301F-11D3-BF4B-00C04F79EFBC}") = "SiteFuel.DataAccess", "SiteFuel.DataAccess\SiteFuel.DataAccess.csproj", "{5E5F0E56-7192-43FE-B26F-77D4D344D72E}"
EndProject
Project("{FAE04EC0-301F-11D3-BF4B-00C04F79EFBC}") = "SiteFuel.Models", "SiteFuel.Models\SiteFuel.Models.csproj", "{D330B2E6-E738-4A80-B9EB-43FE93D3B235}"
EndProject
Project("{FAE04EC0-301F-11D3-BF4B-00C04F79EFBC}") = "SiteFuel.BAL", "SiteFuel.BAL\SiteFuel.BAL.csproj", "{F2AEDEA6-5FCC-4D06-A1DD-91F4D714DE28}"
	ProjectSection(ProjectDependencies) = postProject
		{A835CD3E-E029-4592-9676-C7257E0E8482} = {A835CD3E-E029-4592-9676-C7257E0E8482}
		{D330B2E6-E738-4A80-B9EB-43FE93D3B235} = {D330B2E6-E738-4A80-B9EB-43FE93D3B235}
	EndProjectSection
EndProject
Project("{FAE04EC0-301F-11D3-BF4B-00C04F79EFBC}") = "SiteFuel.DAL", "SiteFuel.DAL\SiteFuel.DAL.csproj", "{A835CD3E-E029-4592-9676-C7257E0E8482}"
	ProjectSection(ProjectDependencies) = postProject
		{5E5F0E56-7192-43FE-B26F-77D4D344D72E} = {5E5F0E56-7192-43FE-B26F-77D4D344D72E}
		{D330B2E6-E738-4A80-B9EB-43FE93D3B235} = {D330B2E6-E738-4A80-B9EB-43FE93D3B235}
	EndProjectSection
EndProject
Project("{FAE04EC0-301F-11D3-BF4B-00C04F79EFBC}") = "SiteFuel.Exchange.Core", "..\SiteFuel.Exchange.Common\SiteFuel.Exchange.Core\SiteFuel.Exchange.Core.csproj", "{2164757D-5B0B-4DE6-907E-8CDD1C8AE51F}"
EndProject
Project("{FAE04EC0-301F-11D3-BF4B-00C04F79EFBC}") = "SiteFuel.Pricing.TestSuites", "SiteFuel.Pricing.TestSuites\SiteFuel.Pricing.TestSuites.csproj", "{2B1ADE72-9F30-4698-B837-959629321802}"
EndProject
Project("{FAE04EC0-301F-11D3-BF4B-00C04F79EFBC}") = "SiteFuel.PricingService.Tests", "SiteFuel.PricingService.Tests\SiteFuel.PricingService.Tests.csproj", "{D4E4490A-70F6-4DD7-B80C-726C1B55B66F}"
EndProject
Global
	GlobalSection(SolutionConfigurationPlatforms) = preSolution
		Debug|Any CPU = Debug|Any CPU
		Release|Any CPU = Release|Any CPU
	EndGlobalSection
	GlobalSection(ProjectConfigurationPlatforms) = postSolution
		{C6D6BA44-9AD0-485B-A261-9C1C527269AF}.Debug|Any CPU.ActiveCfg = Debug|Any CPU
		{C6D6BA44-9AD0-485B-A261-9C1C527269AF}.Debug|Any CPU.Build.0 = Debug|Any CPU
		{C6D6BA44-9AD0-485B-A261-9C1C527269AF}.Release|Any CPU.ActiveCfg = Release|Any CPU
		{C6D6BA44-9AD0-485B-A261-9C1C527269AF}.Release|Any CPU.Build.0 = Release|Any CPU
		{5E5F0E56-7192-43FE-B26F-77D4D344D72E}.Debug|Any CPU.ActiveCfg = Debug|Any CPU
		{5E5F0E56-7192-43FE-B26F-77D4D344D72E}.Debug|Any CPU.Build.0 = Debug|Any CPU
		{5E5F0E56-7192-43FE-B26F-77D4D344D72E}.Release|Any CPU.ActiveCfg = Release|Any CPU
		{5E5F0E56-7192-43FE-B26F-77D4D344D72E}.Release|Any CPU.Build.0 = Release|Any CPU
		{D330B2E6-E738-4A80-B9EB-43FE93D3B235}.Debug|Any CPU.ActiveCfg = Debug|Any CPU
		{D330B2E6-E738-4A80-B9EB-43FE93D3B235}.Debug|Any CPU.Build.0 = Debug|Any CPU
		{D330B2E6-E738-4A80-B9EB-43FE93D3B235}.Release|Any CPU.ActiveCfg = Release|Any CPU
		{D330B2E6-E738-4A80-B9EB-43FE93D3B235}.Release|Any CPU.Build.0 = Release|Any CPU
		{F2AEDEA6-5FCC-4D06-A1DD-91F4D714DE28}.Debug|Any CPU.ActiveCfg = Debug|Any CPU
		{F2AEDEA6-5FCC-4D06-A1DD-91F4D714DE28}.Debug|Any CPU.Build.0 = Debug|Any CPU
		{F2AEDEA6-5FCC-4D06-A1DD-91F4D714DE28}.Release|Any CPU.ActiveCfg = Release|Any CPU
		{F2AEDEA6-5FCC-4D06-A1DD-91F4D714DE28}.Release|Any CPU.Build.0 = Release|Any CPU
		{A835CD3E-E029-4592-9676-C7257E0E8482}.Debug|Any CPU.ActiveCfg = Debug|Any CPU
		{A835CD3E-E029-4592-9676-C7257E0E8482}.Debug|Any CPU.Build.0 = Debug|Any CPU
		{A835CD3E-E029-4592-9676-C7257E0E8482}.Release|Any CPU.ActiveCfg = Release|Any CPU
		{A835CD3E-E029-4592-9676-C7257E0E8482}.Release|Any CPU.Build.0 = Release|Any CPU
		{2164757D-5B0B-4DE6-907E-8CDD1C8AE51F}.Debug|Any CPU.ActiveCfg = Debug|Any CPU
		{2164757D-5B0B-4DE6-907E-8CDD1C8AE51F}.Debug|Any CPU.Build.0 = Debug|Any CPU
		{2164757D-5B0B-4DE6-907E-8CDD1C8AE51F}.Release|Any CPU.ActiveCfg = Release|Any CPU
		{2164757D-5B0B-4DE6-907E-8CDD1C8AE51F}.Release|Any CPU.Build.0 = Release|Any CPU
		{2B1ADE72-9F30-4698-B837-959629321802}.Debug|Any CPU.ActiveCfg = Debug|Any CPU
		{2B1ADE72-9F30-4698-B837-959629321802}.Debug|Any CPU.Build.0 = Debug|Any CPU
		{2B1ADE72-9F30-4698-B837-959629321802}.Release|Any CPU.ActiveCfg = Release|Any CPU
		{2B1ADE72-9F30-4698-B837-959629321802}.Release|Any CPU.Build.0 = Release|Any CPU
		{D4E4490A-70F6-4DD7-B80C-726C1B55B66F}.Debug|Any CPU.ActiveCfg = Debug|Any CPU
		{D4E4490A-70F6-4DD7-B80C-726C1B55B66F}.Debug|Any CPU.Build.0 = Debug|Any CPU
		{D4E4490A-70F6-4DD7-B80C-726C1B55B66F}.Release|Any CPU.ActiveCfg = Release|Any CPU
		{D4E4490A-70F6-4DD7-B80C-726C1B55B66F}.Release|Any CPU.Build.0 = Release|Any CPU
	EndGlobalSection
	GlobalSection(SolutionProperties) = preSolution
		HideSolutionNode = FALSE
	EndGlobalSection
	GlobalSection(ExtensibilityGlobals) = postSolution
		SolutionGuid = {163B8023-5BC7-41A7-937B-613C173555F4}
	EndGlobalSection
	GlobalSection(TeamFoundationVersionControl) = preSolution
		SccNumberOfProjects = 9
		SccEnterpriseProvider = {4CA58AB2-18FA-4F8D-95D4-32DDF27D184C}
		SccTeamFoundationServer = https://sitefuel.visualstudio.com/
		SccLocalPath0 = .
		SccProjectUniqueName1 = SiteFuel.PricingService\\SiteFuel.PricingService.csproj
		SccProjectName1 = SiteFuel.PricingService
		SccLocalPath1 = SiteFuel.PricingService
		SccProjectUniqueName2 = SiteFuel.DataAccess\\SiteFuel.DataAccess.csproj
		SccProjectName2 = SiteFuel.DataAccess
		SccLocalPath2 = SiteFuel.DataAccess
		SccProjectUniqueName3 = SiteFuel.BAL\\SiteFuel.BAL.csproj
		SccProjectName3 = SiteFuel.BAL
		SccLocalPath3 = SiteFuel.BAL
		SccProjectUniqueName4 = SiteFuel.DAL\\SiteFuel.DAL.csproj
		SccProjectName4 = SiteFuel.DAL
		SccLocalPath4 = SiteFuel.DAL
		SccProjectUniqueName5 = SiteFuel.Models\\SiteFuel.Models.csproj
		SccProjectName5 = SiteFuel.Models
		SccLocalPath5 = SiteFuel.Models
		SccProjectUniqueName6 = ..\\SiteFuel.Exchange.Common\\SiteFuel.Exchange.Core\\SiteFuel.Exchange.Core.csproj
		SccProjectName6 = ../SiteFuel.Exchange.Common/SiteFuel.Exchange.Core
		SccLocalPath6 = ..\\SiteFuel.Exchange.Common\\SiteFuel.Exchange.Core
		SccProjectUniqueName7 = SiteFuel.Pricing.TestSuites\\SiteFuel.Pricing.TestSuites.csproj
		SccProjectName7 = SiteFuel.Pricing.TestSuites
		SccLocalPath7 = SiteFuel.Pricing.TestSuites
		SccProjectUniqueName8 = SiteFuel.PricingService.Tests\\SiteFuel.PricingService.Tests.csproj
		SccProjectName8 = SiteFuel.PricingService.Tests
		SccLocalPath8 = SiteFuel.PricingService.Tests
	EndGlobalSection
EndGlobal
