
Microsoft Visual Studio Solution File, Format Version 12.00
# Visual Studio 15
VisualStudioVersion = 15.0.28307.779
MinimumVisualStudioVersion = 10.0.40219.1
Project("{FAE04EC0-301F-11D3-BF4B-00C04F79EFBC}") = "SiteFuel.Exchange.Core", "SiteFuel.Exchange.Core\SiteFuel.Exchange.Core.csproj", "{2164757D-5B0B-4DE6-907E-8CDD1C8AE51F}"
EndProject
Global
	GlobalSection(SolutionConfigurationPlatforms) = preSolution
		Debug|Any CPU = Debug|Any CPU
		Release|Any CPU = Release|Any CPU
	EndGlobalSection
	GlobalSection(ProjectConfigurationPlatforms) = postSolution
		{2164757D-5B0B-4DE6-907E-8CDD1C8AE51F}.Debug|Any CPU.ActiveCfg = Debug|Any CPU
		{2164757D-5B0B-4DE6-907E-8CDD1C8AE51F}.Debug|Any CPU.Build.0 = Debug|Any CPU
		{2164757D-5B0B-4DE6-907E-8CDD1C8AE51F}.Release|Any CPU.ActiveCfg = Release|Any CPU
		{2164757D-5B0B-4DE6-907E-8CDD1C8AE51F}.Release|Any CPU.Build.0 = Release|Any CPU
	EndGlobalSection
	GlobalSection(SolutionProperties) = preSolution
		HideSolutionNode = FALSE
	EndGlobalSection
	GlobalSection(ExtensibilityGlobals) = postSolution
		SolutionGuid = {766D919F-568B-4955-BE3B-B125F34D6EAF}
	EndGlobalSection
	GlobalSection(TeamFoundationVersionControl) = preSolution
		SccNumberOfProjects = 1
		SccEnterpriseProvider = {4CA58AB2-18FA-4F8D-95D4-32DDF27D184C}
		SccTeamFoundationServer = https://sitefuel.visualstudio.com/
		SccProjectUniqueName0 = SiteFuel.Exchange.Core\\SiteFuel.Exchange.Core.csproj
		SccProjectName0 = SiteFuel.Exchange.Core
		SccAuxPath0 = https://sitefuel.visualstudio.com
		SccLocalPath0 = SiteFuel.Exchange.Core
		SccProvider0 = {4CA58AB2-18FA-4F8D-95D4-32DDF27D184C}
	EndGlobalSection
EndGlobal
