
Microsoft Visual Studio Solution File, Format Version 12.00
# Visual Studio Version 16
VisualStudioVersion = 16.0.31424.327
MinimumVisualStudioVersion = 10.0.40219.1
Project("{FAE04EC0-301F-11D3-BF4B-00C04F79EFBC}") = "SiteFuel.MdbDataAccess", "SiteFuel.MdbDataAccess\SiteFuel.MdbDataAccess.csproj", "{C1C8C036-5A72-455E-9DF7-8593C3879C8B}"
EndProject
Project("{FAE04EC0-301F-11D3-BF4B-00C04F79EFBC}") = "SiteFuel.FreightTestSuite", "SiteFuel.Freight.TestSuite\SiteFuel.FreightTestSuite.csproj", "{79916E39-C06C-4CEF-B932-16A25351B8A0}"
EndProject
Project("{FAE04EC0-301F-11D3-BF4B-00C04F79EFBC}") = "SiteFuel.FreightRepository", "SiteFuel.Repository\SiteFuel.FreightRepository.csproj", "{F9082800-499A-4D00-B6F0-4F349154239C}"
EndProject
Project("{FAE04EC0-301F-11D3-BF4B-00C04F79EFBC}") = "SiteFuel.FreightModels", "SiteFuel.Freight.Models\SiteFuel.FreightModels.csproj", "{75E5E9B3-626D-41C3-A4F7-CFD80A0F87CB}"
EndProject
Project("{FAE04EC0-301F-11D3-BF4B-00C04F79EFBC}") = "SiteFuel.BAL", "SiteFuel.BAL\SiteFuel.BAL.csproj", "{0C73BA7B-DD87-40D0-A406-45F14AE759B4}"
EndProject
Project("{FAE04EC0-301F-11D3-BF4B-00C04F79EFBC}") = "SiteFuel.Exchange.Core", "..\SiteFuel.Exchange.Common\SiteFuel.Exchange.Core\SiteFuel.Exchange.Core.csproj", "{2164757D-5B0B-4DE6-907E-8CDD1C8AE51F}"
EndProject
Project("{FAE04EC0-301F-11D3-BF4B-00C04F79EFBC}") = "TrueFill.FreightApi", "TrueFill.FreightApi\TrueFill.FreightApi.csproj", "{280CFBCD-64C8-4D92-ACE6-2F9572F18210}"
EndProject
Project("{FAE04EC0-301F-11D3-BF4B-00C04F79EFBC}") = "TrueFill.DemandCaptureDataAccess", "TrueFill.DemandCaptureDataAccess\TrueFill.DemandCaptureDataAccess.csproj", "{5922B19A-D5A3-49A1-AA5E-41E3B22CA5C7}"
EndProject
Project("{FAE04EC0-301F-11D3-BF4B-00C04F79EFBC}") = "TrueFill.HourlyWebJob", "TrueFill.HourlyWebJob\TrueFill.HourlyWebJob.csproj", "{8B2E3E93-ACC9-4CBD-BCA2-69231190CB42}"
EndProject
Project("{FAE04EC0-301F-11D3-BF4B-00C04F79EFBC}") = "TrueFill.ExchangeDataAccess", "TrueFill.ExchangeDataAccess\TrueFill.ExchangeDataAccess.csproj", "{F723BB68-AB96-4A09-A24B-27937EFC7269}"
EndProject
Project("{FAE04EC0-301F-11D3-BF4B-00C04F79EFBC}") = "TrueFill.DailyWebJob", "TrueFill.DailyWebJob\TrueFill.DailyWebJob.csproj", "{18BB568A-06C9-4C45-965D-19521D0CAA54}"
EndProject
Project("{2150E333-8FDC-42A3-9474-1A3956D46DE8}") = "WebJobs", "WebJobs", "{28738268-3DFB-4302-A63F-50E3C502F5AC}"
EndProject
Project("{FAE04EC0-301F-11D3-BF4B-00C04F79EFBC}") = "TrueFill.FreightApi.Tests", "TrueFill.FreightApi.Tests\TrueFill.FreightApi.Tests.csproj", "{AFE43EB4-9D3D-4B60-8A88-EE6AAB419F2E}"
EndProject
Global
	GlobalSection(SolutionConfigurationPlatforms) = preSolution
		Debug|Any CPU = Debug|Any CPU
		Release|Any CPU = Release|Any CPU
	EndGlobalSection
	GlobalSection(ProjectConfigurationPlatforms) = postSolution
		{C1C8C036-5A72-455E-9DF7-8593C3879C8B}.Debug|Any CPU.ActiveCfg = Debug|Any CPU
		{C1C8C036-5A72-455E-9DF7-8593C3879C8B}.Debug|Any CPU.Build.0 = Debug|Any CPU
		{C1C8C036-5A72-455E-9DF7-8593C3879C8B}.Release|Any CPU.ActiveCfg = Release|Any CPU
		{C1C8C036-5A72-455E-9DF7-8593C3879C8B}.Release|Any CPU.Build.0 = Release|Any CPU
		{79916E39-C06C-4CEF-B932-16A25351B8A0}.Debug|Any CPU.ActiveCfg = Debug|Any CPU
		{79916E39-C06C-4CEF-B932-16A25351B8A0}.Debug|Any CPU.Build.0 = Debug|Any CPU
		{79916E39-C06C-4CEF-B932-16A25351B8A0}.Release|Any CPU.ActiveCfg = Release|Any CPU
		{79916E39-C06C-4CEF-B932-16A25351B8A0}.Release|Any CPU.Build.0 = Release|Any CPU
		{F9082800-499A-4D00-B6F0-4F349154239C}.Debug|Any CPU.ActiveCfg = Debug|Any CPU
		{F9082800-499A-4D00-B6F0-4F349154239C}.Debug|Any CPU.Build.0 = Debug|Any CPU
		{F9082800-499A-4D00-B6F0-4F349154239C}.Release|Any CPU.ActiveCfg = Release|Any CPU
		{F9082800-499A-4D00-B6F0-4F349154239C}.Release|Any CPU.Build.0 = Release|Any CPU
		{75E5E9B3-626D-41C3-A4F7-CFD80A0F87CB}.Debug|Any CPU.ActiveCfg = Debug|Any CPU
		{75E5E9B3-626D-41C3-A4F7-CFD80A0F87CB}.Debug|Any CPU.Build.0 = Debug|Any CPU
		{75E5E9B3-626D-41C3-A4F7-CFD80A0F87CB}.Release|Any CPU.ActiveCfg = Release|Any CPU
		{75E5E9B3-626D-41C3-A4F7-CFD80A0F87CB}.Release|Any CPU.Build.0 = Release|Any CPU
		{0C73BA7B-DD87-40D0-A406-45F14AE759B4}.Debug|Any CPU.ActiveCfg = Debug|Any CPU
		{0C73BA7B-DD87-40D0-A406-45F14AE759B4}.Debug|Any CPU.Build.0 = Debug|Any CPU
		{0C73BA7B-DD87-40D0-A406-45F14AE759B4}.Release|Any CPU.ActiveCfg = Release|Any CPU
		{0C73BA7B-DD87-40D0-A406-45F14AE759B4}.Release|Any CPU.Build.0 = Release|Any CPU
		{2164757D-5B0B-4DE6-907E-8CDD1C8AE51F}.Debug|Any CPU.ActiveCfg = Debug|Any CPU
		{2164757D-5B0B-4DE6-907E-8CDD1C8AE51F}.Debug|Any CPU.Build.0 = Debug|Any CPU
		{2164757D-5B0B-4DE6-907E-8CDD1C8AE51F}.Release|Any CPU.ActiveCfg = Release|Any CPU
		{2164757D-5B0B-4DE6-907E-8CDD1C8AE51F}.Release|Any CPU.Build.0 = Release|Any CPU
		{280CFBCD-64C8-4D92-ACE6-2F9572F18210}.Debug|Any CPU.ActiveCfg = Debug|Any CPU
		{280CFBCD-64C8-4D92-ACE6-2F9572F18210}.Debug|Any CPU.Build.0 = Debug|Any CPU
		{280CFBCD-64C8-4D92-ACE6-2F9572F18210}.Release|Any CPU.ActiveCfg = Release|Any CPU
		{280CFBCD-64C8-4D92-ACE6-2F9572F18210}.Release|Any CPU.Build.0 = Release|Any CPU
		{5922B19A-D5A3-49A1-AA5E-41E3B22CA5C7}.Debug|Any CPU.ActiveCfg = Debug|Any CPU
		{5922B19A-D5A3-49A1-AA5E-41E3B22CA5C7}.Debug|Any CPU.Build.0 = Debug|Any CPU
		{5922B19A-D5A3-49A1-AA5E-41E3B22CA5C7}.Release|Any CPU.ActiveCfg = Release|Any CPU
		{5922B19A-D5A3-49A1-AA5E-41E3B22CA5C7}.Release|Any CPU.Build.0 = Release|Any CPU
		{8B2E3E93-ACC9-4CBD-BCA2-69231190CB42}.Debug|Any CPU.ActiveCfg = Debug|Any CPU
		{8B2E3E93-ACC9-4CBD-BCA2-69231190CB42}.Debug|Any CPU.Build.0 = Debug|Any CPU
		{8B2E3E93-ACC9-4CBD-BCA2-69231190CB42}.Release|Any CPU.ActiveCfg = Release|Any CPU
		{8B2E3E93-ACC9-4CBD-BCA2-69231190CB42}.Release|Any CPU.Build.0 = Release|Any CPU
		{F723BB68-AB96-4A09-A24B-27937EFC7269}.Debug|Any CPU.ActiveCfg = Debug|Any CPU
		{F723BB68-AB96-4A09-A24B-27937EFC7269}.Debug|Any CPU.Build.0 = Debug|Any CPU
		{F723BB68-AB96-4A09-A24B-27937EFC7269}.Release|Any CPU.ActiveCfg = Release|Any CPU
		{F723BB68-AB96-4A09-A24B-27937EFC7269}.Release|Any CPU.Build.0 = Release|Any CPU
		{18BB568A-06C9-4C45-965D-19521D0CAA54}.Debug|Any CPU.ActiveCfg = Debug|Any CPU
		{18BB568A-06C9-4C45-965D-19521D0CAA54}.Debug|Any CPU.Build.0 = Debug|Any CPU
		{18BB568A-06C9-4C45-965D-19521D0CAA54}.Release|Any CPU.ActiveCfg = Release|Any CPU
		{18BB568A-06C9-4C45-965D-19521D0CAA54}.Release|Any CPU.Build.0 = Release|Any CPU
		{AFE43EB4-9D3D-4B60-8A88-EE6AAB419F2E}.Debug|Any CPU.ActiveCfg = Debug|Any CPU
		{AFE43EB4-9D3D-4B60-8A88-EE6AAB419F2E}.Debug|Any CPU.Build.0 = Debug|Any CPU
		{AFE43EB4-9D3D-4B60-8A88-EE6AAB419F2E}.Release|Any CPU.ActiveCfg = Release|Any CPU
		{AFE43EB4-9D3D-4B60-8A88-EE6AAB419F2E}.Release|Any CPU.Build.0 = Release|Any CPU
	EndGlobalSection
	GlobalSection(SolutionProperties) = preSolution
		HideSolutionNode = FALSE
	EndGlobalSection
	GlobalSection(NestedProjects) = preSolution
		{8B2E3E93-ACC9-4CBD-BCA2-69231190CB42} = {28738268-3DFB-4302-A63F-50E3C502F5AC}
		{18BB568A-06C9-4C45-965D-19521D0CAA54} = {28738268-3DFB-4302-A63F-50E3C502F5AC}
	EndGlobalSection
	GlobalSection(ExtensibilityGlobals) = postSolution
		SolutionGuid = {0B0E11AD-A2A5-4BCA-9900-8F34F5A64233}
	EndGlobalSection
	GlobalSection(TeamFoundationVersionControl) = preSolution
		SccNumberOfProjects = 13
		SccEnterpriseProvider = {4CA58AB2-18FA-4F8D-95D4-32DDF27D184C}
		SccTeamFoundationServer = https://sitefuel.visualstudio.com/
		SccLocalPath0 = .
		SccProjectUniqueName1 = ..\\SiteFuel.Exchange.Common\\SiteFuel.Exchange.Core\\SiteFuel.Exchange.Core.csproj
		SccProjectName1 = ../SiteFuel.Exchange.Common/SiteFuel.Exchange.Core
		SccLocalPath1 = ..\\SiteFuel.Exchange.Common\\SiteFuel.Exchange.Core
		SccProjectUniqueName2 = SiteFuel.MdbDataAccess\\SiteFuel.MdbDataAccess.csproj
		SccProjectName2 = SiteFuel.MdbDataAccess
		SccLocalPath2 = SiteFuel.MdbDataAccess
		SccProjectUniqueName3 = SiteFuel.Freight.TestSuite\\SiteFuel.FreightTestSuite.csproj
		SccProjectName3 = SiteFuel.Freight.TestSuite
		SccLocalPath3 = SiteFuel.Freight.TestSuite
		SccProjectUniqueName4 = SiteFuel.Freight.Models\\SiteFuel.FreightModels.csproj
		SccProjectName4 = SiteFuel.Freight.Models
		SccLocalPath4 = SiteFuel.Freight.Models
		SccProjectUniqueName5 = SiteFuel.BAL\\SiteFuel.BAL.csproj
		SccProjectName5 = SiteFuel.BAL
		SccLocalPath5 = SiteFuel.BAL
		SccProjectUniqueName6 = TrueFill.FreightApi\\TrueFill.FreightApi.csproj
		SccProjectName6 = TrueFill.FreightApi
		SccLocalPath6 = TrueFill.FreightApi
		SccProjectUniqueName7 = TrueFill.DemandCaptureDataAccess\\TrueFill.DemandCaptureDataAccess.csproj
		SccProjectName7 = TrueFill.DemandCaptureDataAccess
		SccLocalPath7 = TrueFill.DemandCaptureDataAccess
		SccProjectUniqueName8 = SiteFuel.Repository\\SiteFuel.FreightRepository.csproj
		SccProjectName8 = SiteFuel.Repository
		SccLocalPath8 = SiteFuel.Repository
		SccProjectUniqueName9 = TrueFill.HourlyWebJob\\TrueFill.HourlyWebJob.csproj
		SccProjectTopLevelParentUniqueName9 = SiteFuel.FreightService.sln
		SccProjectName9 = TrueFill.HourlyWebJob
		SccLocalPath9 = TrueFill.HourlyWebJob
		SccProjectUniqueName10 = TrueFill.ExchangeDataAccess\\TrueFill.ExchangeDataAccess.csproj
		SccProjectName10 = TrueFill.ExchangeDataAccess
		SccLocalPath10 = TrueFill.ExchangeDataAccess
		SccProjectUniqueName11 = TrueFill.DailyWebJob\\TrueFill.DailyWebJob.csproj
		SccProjectTopLevelParentUniqueName11 = SiteFuel.FreightService.sln
		SccProjectName11 = TrueFill.DailyWebJob
		SccLocalPath11 = TrueFill.DailyWebJob
		SccProjectUniqueName12 = TrueFill.FreightApi.Tests\\TrueFill.FreightApi.Tests.csproj
		SccProjectName12 = TrueFill.FreightApi.Tests
		SccLocalPath12 = TrueFill.FreightApi.Tests
	EndGlobalSection
EndGlobal
